
Microsoft Visual Studio Solution File, Format Version 12.00
# Visual Studio Version 16
VisualStudioVersion = 16.0.31624.102
MinimumVisualStudioVersion = 10.0.40219.1
Project("{9A19103F-16F7-4668-BE54-9A1E7A4F7556}") = "ApiCro", "ApiCro.csproj", "{D7352350-0317-4BD7-9F19-72B3AC4B0CBE}"
EndProject
Global
	GlobalSection(SolutionConfigurationPlatforms) = preSolution
		Debug|Any CPU = Debug|Any CPU
		Release|Any CPU = Release|Any CPU
	EndGlobalSection
	GlobalSection(ProjectConfigurationPlatforms) = postSolution
		{D7352350-0317-4BD7-9F19-72B3AC4B0CBE}.Debug|Any CPU.ActiveCfg = Debug|Any CPU
		{D7352350-0317-4BD7-9F19-72B3AC4B0CBE}.Debug|Any CPU.Build.0 = Debug|Any CPU
		{D7352350-0317-4BD7-9F19-72B3AC4B0CBE}.Release|Any CPU.ActiveCfg = Release|Any CPU
		{D7352350-0317-4BD7-9F19-72B3AC4B0CBE}.Release|Any CPU.Build.0 = Release|Any CPU
	EndGlobalSection
	GlobalSection(SolutionProperties) = preSolution
		HideSolutionNode = FALSE
	EndGlobalSection
	GlobalSection(ExtensibilityGlobals) = postSolution
		SolutionGuid = {F9CB91F9-5888-402C-8009-9D470FC06385}
	EndGlobalSection
EndGlobal
